
Microsoft Visual Studio Solution File, Format Version 12.00
# Visual Studio 15
VisualStudioVersion = 15.0.27703.2047
MinimumVisualStudioVersion = 10.0.40219.1
Project("{FAE04EC0-301F-11D3-BF4B-00C04F79EFBC}") = "Practicetest", "Practicetest\Practicetest.csproj", "{DCA0A2C3-BE6E-41F2-ADB0-252FD9DB6159}"
EndProject
Global
	GlobalSection(SolutionConfigurationPlatforms) = preSolution
		Debug|Any CPU = Debug|Any CPU
		Release|Any CPU = Release|Any CPU
	EndGlobalSection
	GlobalSection(ProjectConfigurationPlatforms) = postSolution
		{DCA0A2C3-BE6E-41F2-ADB0-252FD9DB6159}.Debug|Any CPU.ActiveCfg = Debug|Any CPU
		{DCA0A2C3-BE6E-41F2-ADB0-252FD9DB6159}.Debug|Any CPU.Build.0 = Debug|Any CPU
		{DCA0A2C3-BE6E-41F2-ADB0-252FD9DB6159}.Release|Any CPU.ActiveCfg = Release|Any CPU
		{DCA0A2C3-BE6E-41F2-ADB0-252FD9DB6159}.Release|Any CPU.Build.0 = Release|Any CPU
	EndGlobalSection
	GlobalSection(SolutionProperties) = preSolution
		HideSolutionNode = FALSE
	EndGlobalSection
	GlobalSection(ExtensibilityGlobals) = postSolution
		SolutionGuid = {6CDCC292-C5B3-466F-BF9D-FF3217FDA5DD}
	EndGlobalSection
EndGlobal
