
Microsoft Visual Studio Solution File, Format Version 12.00
# Visual Studio 2012
Project("{FAE04EC0-301F-11D3-BF4B-00C04F79EFBC}") = "SwinAdventure", "SwinAdventure.csproj", "{B6FE08E7-249E-42C9-A627-FBF3212CA044}"
EndProject
Global
	GlobalSection(SolutionConfigurationPlatforms) = preSolution
		Debug|x86 = Debug|x86
		Release|x86 = Release|x86
	EndGlobalSection
	GlobalSection(ProjectConfigurationPlatforms) = postSolution
		{B6FE08E7-249E-42C9-A627-FBF3212CA044}.Debug|x86.ActiveCfg = Debug|x86
		{B6FE08E7-249E-42C9-A627-FBF3212CA044}.Debug|x86.Build.0 = Debug|x86
		{B6FE08E7-249E-42C9-A627-FBF3212CA044}.Release|x86.ActiveCfg = Release|x86
		{B6FE08E7-249E-42C9-A627-FBF3212CA044}.Release|x86.Build.0 = Release|x86
	EndGlobalSection
EndGlobal
